
Microsoft Visual Studio Solution File, Format Version 12.00
# Visual Studio 15
Project("{FAE04EC0-301F-11D3-BF4B-00C04F79EFBC}") = "Assembly-CSharp", "Assembly-CSharp.csproj", "{86248DFD-2C04-2BE1-1718-5CAD02A6CF92}"
EndProject
Project("{FAE04EC0-301F-11D3-BF4B-00C04F79EFBC}") = "PhotonUnityNetworking.Utilities", "PhotonUnityNetworking.Utilities.csproj", "{B1DFBC51-09D1-E019-7953-0CA464961BE5}"
EndProject
Project("{FAE04EC0-301F-11D3-BF4B-00C04F79EFBC}") = "Assembly-CSharp-firstpass", "Assembly-CSharp-firstpass.csproj", "{FFCD5612-1F2E-5377-D5A9-2E9FEE05988B}"
EndProject
Project("{FAE04EC0-301F-11D3-BF4B-00C04F79EFBC}") = "PhotonChat", "PhotonChat.csproj", "{916BDE22-1314-2E48-50E9-163D9D1FD2D3}"
EndProject
Project("{FAE04EC0-301F-11D3-BF4B-00C04F79EFBC}") = "PhotonUnityNetworking", "PhotonUnityNetworking.csproj", "{81DDA850-691B-E191-9222-75AE18E98D3F}"
EndProject
Project("{FAE04EC0-301F-11D3-BF4B-00C04F79EFBC}") = "PhotonRealtime", "PhotonRealtime.csproj", "{EB5942D2-F9EB-9C22-08D8-792B913F2D99}"
EndProject
Project("{FAE04EC0-301F-11D3-BF4B-00C04F79EFBC}") = "PhotonWebSocket", "PhotonWebSocket.csproj", "{05D947EB-D7CF-ED18-17A6-A4641DCEACA3}"
EndProject
Project("{FAE04EC0-301F-11D3-BF4B-00C04F79EFBC}") = "Assembly-CSharp-Editor-firstpass", "Assembly-CSharp-Editor-firstpass.csproj", "{02C772D4-19EC-8A7A-54B5-30D349D04333}"
EndProject
Project("{FAE04EC0-301F-11D3-BF4B-00C04F79EFBC}") = "PhotonUnityNetworking.Editor", "PhotonUnityNetworking.Editor.csproj", "{3DD7C459-6393-56CE-27A6-B049CF6ECFEA}"
EndProject
Project("{FAE04EC0-301F-11D3-BF4B-00C04F79EFBC}") = "Assembly-CSharp-Editor", "Assembly-CSharp-Editor.csproj", "{B6052B02-1110-EE19-C443-3B575F970F2A}"
EndProject
Project("{FAE04EC0-301F-11D3-BF4B-00C04F79EFBC}") = "PhotonUnityNetworking.Utilities.PhotonPlayer.Editor", "PhotonUnityNetworking.Utilities.PhotonPlayer.Editor.csproj", "{E618CB42-88EE-33EC-A75A-58F28B0040D1}"
EndProject
Project("{FAE04EC0-301F-11D3-BF4B-00C04F79EFBC}") = "PhotonUnityNetworking.Utilities.Culling.Editor", "PhotonUnityNetworking.Utilities.Culling.Editor.csproj", "{F5382BA6-7D15-68F7-1DD5-6CC06D9B423E}"
EndProject
Global
	GlobalSection(SolutionConfigurationPlatforms) = preSolution
		Debug|Any CPU = Debug|Any CPU
		Release|Any CPU = Release|Any CPU
	EndGlobalSection
	GlobalSection(ProjectConfigurationPlatforms) = postSolution
		{86248DFD-2C04-2BE1-1718-5CAD02A6CF92}.Debug|Any CPU.ActiveCfg = Debug|Any CPU
		{86248DFD-2C04-2BE1-1718-5CAD02A6CF92}.Debug|Any CPU.Build.0 = Debug|Any CPU
		{86248DFD-2C04-2BE1-1718-5CAD02A6CF92}.Release|Any CPU.ActiveCfg = Release|Any CPU
		{86248DFD-2C04-2BE1-1718-5CAD02A6CF92}.Release|Any CPU.Build.0 = Release|Any CPU
		{B1DFBC51-09D1-E019-7953-0CA464961BE5}.Debug|Any CPU.ActiveCfg = Debug|Any CPU
		{B1DFBC51-09D1-E019-7953-0CA464961BE5}.Debug|Any CPU.Build.0 = Debug|Any CPU
		{B1DFBC51-09D1-E019-7953-0CA464961BE5}.Release|Any CPU.ActiveCfg = Release|Any CPU
		{B1DFBC51-09D1-E019-7953-0CA464961BE5}.Release|Any CPU.Build.0 = Release|Any CPU
		{FFCD5612-1F2E-5377-D5A9-2E9FEE05988B}.Debug|Any CPU.ActiveCfg = Debug|Any CPU
		{FFCD5612-1F2E-5377-D5A9-2E9FEE05988B}.Debug|Any CPU.Build.0 = Debug|Any CPU
		{FFCD5612-1F2E-5377-D5A9-2E9FEE05988B}.Release|Any CPU.ActiveCfg = Release|Any CPU
		{FFCD5612-1F2E-5377-D5A9-2E9FEE05988B}.Release|Any CPU.Build.0 = Release|Any CPU
		{916BDE22-1314-2E48-50E9-163D9D1FD2D3}.Debug|Any CPU.ActiveCfg = Debug|Any CPU
		{916BDE22-1314-2E48-50E9-163D9D1FD2D3}.Debug|Any CPU.Build.0 = Debug|Any CPU
		{916BDE22-1314-2E48-50E9-163D9D1FD2D3}.Release|Any CPU.ActiveCfg = Release|Any CPU
		{916BDE22-1314-2E48-50E9-163D9D1FD2D3}.Release|Any CPU.Build.0 = Release|Any CPU
		{81DDA850-691B-E191-9222-75AE18E98D3F}.Debug|Any CPU.ActiveCfg = Debug|Any CPU
		{81DDA850-691B-E191-9222-75AE18E98D3F}.Debug|Any CPU.Build.0 = Debug|Any CPU
		{81DDA850-691B-E191-9222-75AE18E98D3F}.Release|Any CPU.ActiveCfg = Release|Any CPU
		{81DDA850-691B-E191-9222-75AE18E98D3F}.Release|Any CPU.Build.0 = Release|Any CPU
		{EB5942D2-F9EB-9C22-08D8-792B913F2D99}.Debug|Any CPU.ActiveCfg = Debug|Any CPU
		{EB5942D2-F9EB-9C22-08D8-792B913F2D99}.Debug|Any CPU.Build.0 = Debug|Any CPU
		{EB5942D2-F9EB-9C22-08D8-792B913F2D99}.Release|Any CPU.ActiveCfg = Release|Any CPU
		{EB5942D2-F9EB-9C22-08D8-792B913F2D99}.Release|Any CPU.Build.0 = Release|Any CPU
		{05D947EB-D7CF-ED18-17A6-A4641DCEACA3}.Debug|Any CPU.ActiveCfg = Debug|Any CPU
		{05D947EB-D7CF-ED18-17A6-A4641DCEACA3}.Debug|Any CPU.Build.0 = Debug|Any CPU
		{05D947EB-D7CF-ED18-17A6-A4641DCEACA3}.Release|Any CPU.ActiveCfg = Release|Any CPU
		{05D947EB-D7CF-ED18-17A6-A4641DCEACA3}.Release|Any CPU.Build.0 = Release|Any CPU
		{02C772D4-19EC-8A7A-54B5-30D349D04333}.Debug|Any CPU.ActiveCfg = Debug|Any CPU
		{02C772D4-19EC-8A7A-54B5-30D349D04333}.Debug|Any CPU.Build.0 = Debug|Any CPU
		{02C772D4-19EC-8A7A-54B5-30D349D04333}.Release|Any CPU.ActiveCfg = Release|Any CPU
		{02C772D4-19EC-8A7A-54B5-30D349D04333}.Release|Any CPU.Build.0 = Release|Any CPU
		{3DD7C459-6393-56CE-27A6-B049CF6ECFEA}.Debug|Any CPU.ActiveCfg = Debug|Any CPU
		{3DD7C459-6393-56CE-27A6-B049CF6ECFEA}.Debug|Any CPU.Build.0 = Debug|Any CPU
		{3DD7C459-6393-56CE-27A6-B049CF6ECFEA}.Release|Any CPU.ActiveCfg = Release|Any CPU
		{3DD7C459-6393-56CE-27A6-B049CF6ECFEA}.Release|Any CPU.Build.0 = Release|Any CPU
		{B6052B02-1110-EE19-C443-3B575F970F2A}.Debug|Any CPU.ActiveCfg = Debug|Any CPU
		{B6052B02-1110-EE19-C443-3B575F970F2A}.Debug|Any CPU.Build.0 = Debug|Any CPU
		{B6052B02-1110-EE19-C443-3B575F970F2A}.Release|Any CPU.ActiveCfg = Release|Any CPU
		{B6052B02-1110-EE19-C443-3B575F970F2A}.Release|Any CPU.Build.0 = Release|Any CPU
		{E618CB42-88EE-33EC-A75A-58F28B0040D1}.Debug|Any CPU.ActiveCfg = Debug|Any CPU
		{E618CB42-88EE-33EC-A75A-58F28B0040D1}.Debug|Any CPU.Build.0 = Debug|Any CPU
		{E618CB42-88EE-33EC-A75A-58F28B0040D1}.Release|Any CPU.ActiveCfg = Release|Any CPU
		{E618CB42-88EE-33EC-A75A-58F28B0040D1}.Release|Any CPU.Build.0 = Release|Any CPU
		{F5382BA6-7D15-68F7-1DD5-6CC06D9B423E}.Debug|Any CPU.ActiveCfg = Debug|Any CPU
		{F5382BA6-7D15-68F7-1DD5-6CC06D9B423E}.Debug|Any CPU.Build.0 = Debug|Any CPU
		{F5382BA6-7D15-68F7-1DD5-6CC06D9B423E}.Release|Any CPU.ActiveCfg = Release|Any CPU
		{F5382BA6-7D15-68F7-1DD5-6CC06D9B423E}.Release|Any CPU.Build.0 = Release|Any CPU
	EndGlobalSection
	GlobalSection(SolutionProperties) = preSolution
		HideSolutionNode = FALSE
	EndGlobalSection
EndGlobal
